
Microsoft Visual Studio Solution File, Format Version 12.00
# Visual Studio Version 16
VisualStudioVersion = 16.0.28803.452
MinimumVisualStudioVersion = 10.0.40219.1
Project("{9A19103F-16F7-4668-BE54-9A1E7A4F7556}") = "MultiplicationTable", "MultiplicationTable\MultiplicationTable.csproj", "{0EFB2D87-C4C8-4A5E-A5EB-8DEBB403A2C2}"
EndProject
Project("{FAE04EC0-301F-11D3-BF4B-00C04F79EFBC}") = "MultiplicationTable.Tests", "MultiplicationTable.Tests\MultiplicationTable.Tests.csproj", "{DCBDB06F-9A26-4C3A-8DBB-CCB3EC4B1D73}"
EndProject
Global
	GlobalSection(SolutionConfigurationPlatforms) = preSolution
		Debug|Any CPU = Debug|Any CPU
		Release|Any CPU = Release|Any CPU
	EndGlobalSection
	GlobalSection(ProjectConfigurationPlatforms) = postSolution
		{0EFB2D87-C4C8-4A5E-A5EB-8DEBB403A2C2}.Debug|Any CPU.ActiveCfg = Debug|Any CPU
		{0EFB2D87-C4C8-4A5E-A5EB-8DEBB403A2C2}.Debug|Any CPU.Build.0 = Debug|Any CPU
		{0EFB2D87-C4C8-4A5E-A5EB-8DEBB403A2C2}.Release|Any CPU.ActiveCfg = Release|Any CPU
		{0EFB2D87-C4C8-4A5E-A5EB-8DEBB403A2C2}.Release|Any CPU.Build.0 = Release|Any CPU
		{DCBDB06F-9A26-4C3A-8DBB-CCB3EC4B1D73}.Debug|Any CPU.ActiveCfg = Debug|Any CPU
		{DCBDB06F-9A26-4C3A-8DBB-CCB3EC4B1D73}.Debug|Any CPU.Build.0 = Debug|Any CPU
		{DCBDB06F-9A26-4C3A-8DBB-CCB3EC4B1D73}.Release|Any CPU.ActiveCfg = Release|Any CPU
		{DCBDB06F-9A26-4C3A-8DBB-CCB3EC4B1D73}.Release|Any CPU.Build.0 = Release|Any CPU
	EndGlobalSection
	GlobalSection(SolutionProperties) = preSolution
		HideSolutionNode = FALSE
	EndGlobalSection
	GlobalSection(ExtensibilityGlobals) = postSolution
		SolutionGuid = {FCCDDAAC-D414-41B8-8D3E-433740BC18C3}
	EndGlobalSection
EndGlobal
